{
  "name": "searchkit-with-instantsearchjs-and-analytics",
  "version": "0.0.0",
  "lockfileVersion": 3,
  "requires": true,
  "packages": {
    "": {
      "name": "searchkit-with-instantsearchjs-and-analytics",
      "version": "0.0.0",
      "dependencies": {
        "@searchkit/elastic-behavioral-analytics-plugin": "2.1.0",
        "@searchkit/instantsearch-client": "4.14.0",
        "instantsearch.js": "^4.55.0",
        "searchkit": "4.13.0"
      },
      "devDependencies": {
        "typescript": "^4.9.3",
        "vite": "^4.5.2"
      }
    },
    "node_modules/@algolia/client-abtesting": {
      "version": "5.5.2",
      "resolved": "https://registry.npmjs.org/@algolia/client-abtesting/-/client-abtesting-5.5.2.tgz",
      "integrity": "sha512-Q7QhVrykyzuHgz01bfJX/6TA2b3K2BbYAY9OCI5y8tkOIOA4QZY47qiKzz/k9nRNnXS+K7dt8UmpMEhHz+E/tw==",
      "peer": true,
      "dependencies": {
        "@algolia/client-common": "5.5.2",
        "@algolia/requester-browser-xhr": "5.5.2",
        "@algolia/requester-fetch": "5.5.2",
        "@algolia/requester-node-http": "5.5.2"
      },
      "engines": {
        "node": ">= 14.0.0"
      }
    },
    "node_modules/@algolia/client-analytics": {
      "version": "5.5.2",
      "resolved": "https://registry.npmjs.org/@algolia/client-analytics/-/client-analytics-5.5.2.tgz",
      "integrity": "sha512-5nS2RHmvrLKtNKQpr0gEqhyeoApd9h04PiEQ494yRCtsD6kLSIcndoxS5bP4Lvvc8/cvZm1BFIZGYi95/6M+RA==",
      "peer": true,
      "dependencies": {
        "@algolia/client-common": "5.5.2",
        "@algolia/requester-browser-xhr": "5.5.2",
        "@algolia/requester-fetch": "5.5.2",
        "@algolia/requester-node-http": "5.5.2"
      },
      "engines": {
        "node": ">= 14.0.0"
      }
    },
    "node_modules/@algolia/client-common": {
      "version": "5.5.2",
      "resolved": "https://registry.npmjs.org/@algolia/client-common/-/client-common-5.5.2.tgz",
      "integrity": "sha512-LFkAilO+t06/SsFLTzdyh4FD8FGldCXD6Hf3O1ygcrOrxSNQvowy/Dtmqi68MbGP5/MKj24fFmFWhUGhSPh4wA==",
      "peer": true,
      "engines": {
        "node": ">= 14.0.0"
      }
    },
    "node_modules/@algolia/client-personalization": {
      "version": "5.5.2",
      "resolved": "https://registry.npmjs.org/@algolia/client-personalization/-/client-personalization-5.5.2.tgz",
      "integrity": "sha512-koeoAxiuFyqIcHR829bj6Z4d1oJinVVnp6EgTBcJ/B+zbwjNXze10BFMxtJALJyU+Z+Szi0ccjijTtQrUSS3Sw==",
      "peer": true,
      "dependencies": {
        "@algolia/client-common": "5.5.2",
        "@algolia/requester-browser-xhr": "5.5.2",
        "@algolia/requester-fetch": "5.5.2",
        "@algolia/requester-node-http": "5.5.2"
      },
      "engines": {
        "node": ">= 14.0.0"
      }
    },
    "node_modules/@algolia/client-search": {
      "version": "5.5.2",
      "resolved": "https://registry.npmjs.org/@algolia/client-search/-/client-search-5.5.2.tgz",
      "integrity": "sha512-fJH+U6LzzI/LnGkD/Uy8VA8MbmF8ERRG5bXYiIsrcMC/QGyOW5G5y3XNhZlxUhqesrO7w+oTE7ZQ0YMXtW/5/Q==",
      "peer": true,
      "dependencies": {
        "@algolia/client-common": "5.5.2",
        "@algolia/requester-browser-xhr": "5.5.2",
        "@algolia/requester-fetch": "5.5.2",
        "@algolia/requester-node-http": "5.5.2"
      },
      "engines": {
        "node": ">= 14.0.0"
      }
    },
    "node_modules/@algolia/events": {
      "version": "4.0.1",
      "resolved": "https://registry.npmjs.org/@algolia/events/-/events-4.0.1.tgz",
      "integrity": "sha512-FQzvOCgoFXAbf5Y6mYozw2aj5KCJoA3m4heImceldzPSMbdyS4atVjJzXKMsfX3wnZTFYwkkt8/z8UesLHlSBQ=="
    },
    "node_modules/@algolia/recommend": {
      "version": "5.5.2",
      "resolved": "https://registry.npmjs.org/@algolia/recommend/-/recommend-5.5.2.tgz",
      "integrity": "sha512-xvAQOoLTgw/94/9K4NGfpIbJKgscfwVAdpXXpP34yk6NF4Csqw9PkY4opnCtrHvB2wg+6+q+UEsowPqoNJsfXQ==",
      "peer": true,
      "dependencies": {
        "@algolia/client-common": "5.5.2",
        "@algolia/requester-browser-xhr": "5.5.2",
        "@algolia/requester-fetch": "5.5.2",
        "@algolia/requester-node-http": "5.5.2"
      },
      "engines": {
        "node": ">= 14.0.0"
      }
    },
    "node_modules/@algolia/requester-browser-xhr": {
      "version": "5.5.2",
      "resolved": "https://registry.npmjs.org/@algolia/requester-browser-xhr/-/requester-browser-xhr-5.5.2.tgz",
      "integrity": "sha512-fCsJL+97TswpDO5gu8CKf68ZS5yBSksaK8bszeU7BrjSYgu2vL/eFxpN4wxIBGIbDVJtcriWI0aTkT2ovrn/iQ==",
      "peer": true,
      "dependencies": {
        "@algolia/client-common": "5.5.2"
      },
      "engines": {
        "node": ">= 14.0.0"
      }
    },
    "node_modules/@algolia/requester-fetch": {
      "version": "5.5.2",
      "resolved": "https://registry.npmjs.org/@algolia/requester-fetch/-/requester-fetch-5.5.2.tgz",
      "integrity": "sha512-zKawgSZR7toQEERwP4wazvQ6eR7I8KE4nidQzdWL4/8sxxhwiNvn8x9FjCePDnzzHmeiQy9NnUlw4rmT8R0nYg==",
      "peer": true,
      "dependencies": {
        "@algolia/client-common": "5.5.2"
      },
      "engines": {
        "node": ">= 14.0.0"
      }
    },
    "node_modules/@algolia/requester-node-http": {
      "version": "5.5.2",
      "resolved": "https://registry.npmjs.org/@algolia/requester-node-http/-/requester-node-http-5.5.2.tgz",
      "integrity": "sha512-rBVG8rgzUws2CB972RSgtn3/gRArvp5VDbnTODANj2V17qV/gm/CmV2Ax0IWpgWDh1xWxpEs8s5l4oc0m8QN9A==",
      "peer": true,
      "dependencies": {
        "@algolia/client-common": "5.5.2"
      },
      "engines": {
        "node": ">= 14.0.0"
      }
    },
    "node_modules/@babel/runtime": {
      "version": "7.25.6",
      "resolved": "https://registry.npmjs.org/@babel/runtime/-/runtime-7.25.6.tgz",
      "integrity": "sha512-VBj9MYyDb9tuLq7yzqjgzt6Q+IBQLrGZfdjOekyEirZPHxXWoTSGUTMrpsfi58Up73d13NfYLv8HT9vmznjzhQ==",
      "dependencies": {
        "regenerator-runtime": "^0.14.0"
      },
      "engines": {
        "node": ">=6.9.0"
      }
    },
    "node_modules/@elastic/behavioral-analytics-javascript-tracker": {
      "version": "2.1.4",
      "resolved": "https://registry.npmjs.org/@elastic/behavioral-analytics-javascript-tracker/-/behavioral-analytics-javascript-tracker-2.1.4.tgz",
      "integrity": "sha512-HlPzusOXF16HJj0SmwT7U8CG52boBT5KJgcqREQ7cH4DfFDp6o7pOjd1n7fe6jgdEm5bnvZVHTipCg1++uaXDg==",
      "dependencies": {
        "@elastic/behavioral-analytics-tracker-core": "2.0.6"
      }
    },
    "node_modules/@elastic/behavioral-analytics-tracker-core": {
      "version": "2.0.6",
      "resolved": "https://registry.npmjs.org/@elastic/behavioral-analytics-tracker-core/-/behavioral-analytics-tracker-core-2.0.6.tgz",
      "integrity": "sha512-sw3KEpSiRkLItR5SHTCZF5ABmpL1KnIhVEgSIUcHP+otZnYfQgR0LM0GsGL2xApF4pZdvgJ83ZkPnHQxjz0r2g=="
    },
    "node_modules/@esbuild/android-arm": {
      "version": "0.18.20",
      "resolved": "https://registry.npmjs.org/@esbuild/android-arm/-/android-arm-0.18.20.tgz",
      "integrity": "sha512-fyi7TDI/ijKKNZTUJAQqiG5T7YjJXgnzkURqmGj13C6dCqckZBLdl4h7bkhHt/t0WP+zO9/zwroDvANaOqO5Sw==",
      "cpu": [
        "arm"
      ],
      "dev": true,
      "optional": true,
      "os": [
        "android"
      ],
      "engines": {
        "node": ">=12"
      }
    },
    "node_modules/@esbuild/android-arm64": {
      "version": "0.18.20",
      "resolved": "https://registry.npmjs.org/@esbuild/android-arm64/-/android-arm64-0.18.20.tgz",
      "integrity": "sha512-Nz4rJcchGDtENV0eMKUNa6L12zz2zBDXuhj/Vjh18zGqB44Bi7MBMSXjgunJgjRhCmKOjnPuZp4Mb6OKqtMHLQ==",
      "cpu": [
        "arm64"
      ],
      "dev": true,
      "optional": true,
      "os": [
        "android"
      ],
      "engines": {
        "node": ">=12"
      }
    },
    "node_modules/@esbuild/android-x64": {
      "version": "0.18.20",
      "resolved": "https://registry.npmjs.org/@esbuild/android-x64/-/android-x64-0.18.20.tgz",
      "integrity": "sha512-8GDdlePJA8D6zlZYJV/jnrRAi6rOiNaCC/JclcXpB+KIuvfBN4owLtgzY2bsxnx666XjJx2kDPUmnTtR8qKQUg==",
      "cpu": [
        "x64"
      ],
      "dev": true,
      "optional": true,
      "os": [
        "android"
      ],
      "engines": {
        "node": ">=12"
      }
    },
    "node_modules/@esbuild/darwin-arm64": {
      "version": "0.18.20",
      "resolved": "https://registry.npmjs.org/@esbuild/darwin-arm64/-/darwin-arm64-0.18.20.tgz",
      "integrity": "sha512-bxRHW5kHU38zS2lPTPOyuyTm+S+eobPUnTNkdJEfAddYgEcll4xkT8DB9d2008DtTbl7uJag2HuE5NZAZgnNEA==",
      "cpu": [
        "arm64"
      ],
      "dev": true,
      "optional": true,
      "os": [
        "darwin"
      ],
      "engines": {
        "node": ">=12"
      }
    },
    "node_modules/@esbuild/darwin-x64": {
      "version": "0.18.20",
      "resolved": "https://registry.npmjs.org/@esbuild/darwin-x64/-/darwin-x64-0.18.20.tgz",
      "integrity": "sha512-pc5gxlMDxzm513qPGbCbDukOdsGtKhfxD1zJKXjCCcU7ju50O7MeAZ8c4krSJcOIJGFR+qx21yMMVYwiQvyTyQ==",
      "cpu": [
        "x64"
      ],
      "dev": true,
      "optional": true,
      "os": [
        "darwin"
      ],
      "engines": {
        "node": ">=12"
      }
    },
    "node_modules/@esbuild/freebsd-arm64": {
      "version": "0.18.20",
      "resolved": "https://registry.npmjs.org/@esbuild/freebsd-arm64/-/freebsd-arm64-0.18.20.tgz",
      "integrity": "sha512-yqDQHy4QHevpMAaxhhIwYPMv1NECwOvIpGCZkECn8w2WFHXjEwrBn3CeNIYsibZ/iZEUemj++M26W3cNR5h+Tw==",
      "cpu": [
        "arm64"
      ],
      "dev": true,
      "optional": true,
      "os": [
        "freebsd"
      ],
      "engines": {
        "node": ">=12"
      }
    },
    "node_modules/@esbuild/freebsd-x64": {
      "version": "0.18.20",
      "resolved": "https://registry.npmjs.org/@esbuild/freebsd-x64/-/freebsd-x64-0.18.20.tgz",
      "integrity": "sha512-tgWRPPuQsd3RmBZwarGVHZQvtzfEBOreNuxEMKFcd5DaDn2PbBxfwLcj4+aenoh7ctXcbXmOQIn8HI6mCSw5MQ==",
      "cpu": [
        "x64"
      ],
      "dev": true,
      "optional": true,
      "os": [
        "freebsd"
      ],
      "engines": {
        "node": ">=12"
      }
    },
    "node_modules/@esbuild/linux-arm": {
      "version": "0.18.20",
      "resolved": "https://registry.npmjs.org/@esbuild/linux-arm/-/linux-arm-0.18.20.tgz",
      "integrity": "sha512-/5bHkMWnq1EgKr1V+Ybz3s1hWXok7mDFUMQ4cG10AfW3wL02PSZi5kFpYKrptDsgb2WAJIvRcDm+qIvXf/apvg==",
      "cpu": [
        "arm"
      ],
      "dev": true,
      "optional": true,
      "os": [
        "linux"
      ],
      "engines": {
        "node": ">=12"
      }
    },
    "node_modules/@esbuild/linux-arm64": {
      "version": "0.18.20",
      "resolved": "https://registry.npmjs.org/@esbuild/linux-arm64/-/linux-arm64-0.18.20.tgz",
      "integrity": "sha512-2YbscF+UL7SQAVIpnWvYwM+3LskyDmPhe31pE7/aoTMFKKzIc9lLbyGUpmmb8a8AixOL61sQ/mFh3jEjHYFvdA==",
      "cpu": [
        "arm64"
      ],
      "dev": true,
      "optional": true,
      "os": [
        "linux"
      ],
      "engines": {
        "node": ">=12"
      }
    },
    "node_modules/@esbuild/linux-ia32": {
      "version": "0.18.20",
      "resolved": "https://registry.npmjs.org/@esbuild/linux-ia32/-/linux-ia32-0.18.20.tgz",
      "integrity": "sha512-P4etWwq6IsReT0E1KHU40bOnzMHoH73aXp96Fs8TIT6z9Hu8G6+0SHSw9i2isWrD2nbx2qo5yUqACgdfVGx7TA==",
      "cpu": [
        "ia32"
      ],
      "dev": true,
      "optional": true,
      "os": [
        "linux"
      ],
      "engines": {
        "node": ">=12"
      }
    },
    "node_modules/@esbuild/linux-loong64": {
      "version": "0.18.20",
      "resolved": "https://registry.npmjs.org/@esbuild/linux-loong64/-/linux-loong64-0.18.20.tgz",
      "integrity": "sha512-nXW8nqBTrOpDLPgPY9uV+/1DjxoQ7DoB2N8eocyq8I9XuqJ7BiAMDMf9n1xZM9TgW0J8zrquIb/A7s3BJv7rjg==",
      "cpu": [
        "loong64"
      ],
      "dev": true,
      "optional": true,
      "os": [
        "linux"
      ],
      "engines": {
        "node": ">=12"
      }
    },
    "node_modules/@esbuild/linux-mips64el": {
      "version": "0.18.20",
      "resolved": "https://registry.npmjs.org/@esbuild/linux-mips64el/-/linux-mips64el-0.18.20.tgz",
      "integrity": "sha512-d5NeaXZcHp8PzYy5VnXV3VSd2D328Zb+9dEq5HE6bw6+N86JVPExrA6O68OPwobntbNJ0pzCpUFZTo3w0GyetQ==",
      "cpu": [
        "mips64el"
      ],
      "dev": true,
      "optional": true,
      "os": [
        "linux"
      ],
      "engines": {
        "node": ">=12"
      }
    },
    "node_modules/@esbuild/linux-ppc64": {
      "version": "0.18.20",
      "resolved": "https://registry.npmjs.org/@esbuild/linux-ppc64/-/linux-ppc64-0.18.20.tgz",
      "integrity": "sha512-WHPyeScRNcmANnLQkq6AfyXRFr5D6N2sKgkFo2FqguP44Nw2eyDlbTdZwd9GYk98DZG9QItIiTlFLHJHjxP3FA==",
      "cpu": [
        "ppc64"
      ],
      "dev": true,
      "optional": true,
      "os": [
        "linux"
      ],
      "engines": {
        "node": ">=12"
      }
    },
    "node_modules/@esbuild/linux-riscv64": {
      "version": "0.18.20",
      "resolved": "https://registry.npmjs.org/@esbuild/linux-riscv64/-/linux-riscv64-0.18.20.tgz",
      "integrity": "sha512-WSxo6h5ecI5XH34KC7w5veNnKkju3zBRLEQNY7mv5mtBmrP/MjNBCAlsM2u5hDBlS3NGcTQpoBvRzqBcRtpq1A==",
      "cpu": [
        "riscv64"
      ],
      "dev": true,
      "optional": true,
      "os": [
        "linux"
      ],
      "engines": {
        "node": ">=12"
      }
    },
    "node_modules/@esbuild/linux-s390x": {
      "version": "0.18.20",
      "resolved": "https://registry.npmjs.org/@esbuild/linux-s390x/-/linux-s390x-0.18.20.tgz",
      "integrity": "sha512-+8231GMs3mAEth6Ja1iK0a1sQ3ohfcpzpRLH8uuc5/KVDFneH6jtAJLFGafpzpMRO6DzJ6AvXKze9LfFMrIHVQ==",
      "cpu": [
        "s390x"
      ],
      "dev": true,
      "optional": true,
      "os": [
        "linux"
      ],
      "engines": {
        "node": ">=12"
      }
    },
    "node_modules/@esbuild/linux-x64": {
      "version": "0.18.20",
      "resolved": "https://registry.npmjs.org/@esbuild/linux-x64/-/linux-x64-0.18.20.tgz",
      "integrity": "sha512-UYqiqemphJcNsFEskc73jQ7B9jgwjWrSayxawS6UVFZGWrAAtkzjxSqnoclCXxWtfwLdzU+vTpcNYhpn43uP1w==",
      "cpu": [
        "x64"
      ],
      "dev": true,
      "optional": true,
      "os": [
        "linux"
      ],
      "engines": {
        "node": ">=12"
      }
    },
    "node_modules/@esbuild/netbsd-x64": {
      "version": "0.18.20",
      "resolved": "https://registry.npmjs.org/@esbuild/netbsd-x64/-/netbsd-x64-0.18.20.tgz",
      "integrity": "sha512-iO1c++VP6xUBUmltHZoMtCUdPlnPGdBom6IrO4gyKPFFVBKioIImVooR5I83nTew5UOYrk3gIJhbZh8X44y06A==",
      "cpu": [
        "x64"
      ],
      "dev": true,
      "optional": true,
      "os": [
        "netbsd"
      ],
      "engines": {
        "node": ">=12"
      }
    },
    "node_modules/@esbuild/openbsd-x64": {
      "version": "0.18.20",
      "resolved": "https://registry.npmjs.org/@esbuild/openbsd-x64/-/openbsd-x64-0.18.20.tgz",
      "integrity": "sha512-e5e4YSsuQfX4cxcygw/UCPIEP6wbIL+se3sxPdCiMbFLBWu0eiZOJ7WoD+ptCLrmjZBK1Wk7I6D/I3NglUGOxg==",
      "cpu": [
        "x64"
      ],
      "dev": true,
      "optional": true,
      "os": [
        "openbsd"
      ],
      "engines": {
        "node": ">=12"
      }
    },
    "node_modules/@esbuild/sunos-x64": {
      "version": "0.18.20",
      "resolved": "https://registry.npmjs.org/@esbuild/sunos-x64/-/sunos-x64-0.18.20.tgz",
      "integrity": "sha512-kDbFRFp0YpTQVVrqUd5FTYmWo45zGaXe0X8E1G/LKFC0v8x0vWrhOWSLITcCn63lmZIxfOMXtCfti/RxN/0wnQ==",
      "cpu": [
        "x64"
      ],
      "dev": true,
      "optional": true,
      "os": [
        "sunos"
      ],
      "engines": {
        "node": ">=12"
      }
    },
    "node_modules/@esbuild/win32-arm64": {
      "version": "0.18.20",
      "resolved": "https://registry.npmjs.org/@esbuild/win32-arm64/-/win32-arm64-0.18.20.tgz",
      "integrity": "sha512-ddYFR6ItYgoaq4v4JmQQaAI5s7npztfV4Ag6NrhiaW0RrnOXqBkgwZLofVTlq1daVTQNhtI5oieTvkRPfZrePg==",
      "cpu": [
        "arm64"
      ],
      "dev": true,
      "optional": true,
      "os": [
        "win32"
      ],
      "engines": {
        "node": ">=12"
      }
    },
    "node_modules/@esbuild/win32-ia32": {
      "version": "0.18.20",
      "resolved": "https://registry.npmjs.org/@esbuild/win32-ia32/-/win32-ia32-0.18.20.tgz",
      "integrity": "sha512-Wv7QBi3ID/rROT08SABTS7eV4hX26sVduqDOTe1MvGMjNd3EjOz4b7zeexIR62GTIEKrfJXKL9LFxTYgkyeu7g==",
      "cpu": [
        "ia32"
      ],
      "dev": true,
      "optional": true,
      "os": [
        "win32"
      ],
      "engines": {
        "node": ">=12"
      }
    },
    "node_modules/@esbuild/win32-x64": {
      "version": "0.18.20",
      "resolved": "https://registry.npmjs.org/@esbuild/win32-x64/-/win32-x64-0.18.20.tgz",
      "integrity": "sha512-kTdfRcSiDfQca/y9QIkng02avJ+NCaQvrMejlsB3RRv5sE9rRoeBPISaZpKxHELzRxZyLvNts1P27W3wV+8geQ==",
      "cpu": [
        "x64"
      ],
      "dev": true,
      "optional": true,
      "os": [
        "win32"
      ],
      "engines": {
        "node": ">=12"
      }
    },
    "node_modules/@searchkit/elastic-behavioral-analytics-plugin": {
      "version": "2.1.0",
      "resolved": "https://registry.npmjs.org/@searchkit/elastic-behavioral-analytics-plugin/-/elastic-behavioral-analytics-plugin-2.1.0.tgz",
      "integrity": "sha512-TDNHOb9tDGBtC9PxrEmHrJUpgaygn5p32nM/0+xO7Tpplh0xl+5FZpMRyHfmMp08k/03DYHgJsMO9F7Z4eWEJg==",
      "dependencies": {
        "@elastic/behavioral-analytics-javascript-tracker": "^2.1.3",
        "lodash.debounce": "^4.0.8"
      }
    },
    "node_modules/@searchkit/instantsearch-client": {
      "version": "4.14.0",
      "resolved": "https://registry.npmjs.org/@searchkit/instantsearch-client/-/instantsearch-client-4.14.0.tgz",
      "integrity": "sha512-8JQBvIpuAyJjavIb9oqkIF0pqcCMUTvf8X4Fmp6onkCDqbTaHqOMPxibbNA2JG79MV7TPfSb+6bIIpw4lHIVCQ==",
      "dependencies": {
        "searchkit": "^4.13.0"
      }
    },
    "node_modules/@types/dom-speech-recognition": {
      "version": "0.0.1",
      "resolved": "https://registry.npmjs.org/@types/dom-speech-recognition/-/dom-speech-recognition-0.0.1.tgz",
      "integrity": "sha512-udCxb8DvjcDKfk1WTBzDsxFbLgYxmQGKrE/ricoMqHRNjSlSUCcamVTA5lIQqzY10mY5qCY0QDwBfFEwhfoDPw=="
    },
    "node_modules/@types/google.maps": {
      "version": "3.58.0",
      "resolved": "https://registry.npmjs.org/@types/google.maps/-/google.maps-3.58.0.tgz",
      "integrity": "sha512-rZPrbNHoGxeY70uuQYFLGQqcz5mLd3pZy0u286GSugvN7PLFsHNRF2wN2QXtUgNiC33IC0LX+MD3LGAC3wN7Eg=="
    },
    "node_modules/@types/hogan.js": {
      "version": "3.0.5",
      "resolved": "https://registry.npmjs.org/@types/hogan.js/-/hogan.js-3.0.5.tgz",
      "integrity": "sha512-/uRaY3HGPWyLqOyhgvW9Aa43BNnLZrNeQxl2p8wqId4UHMfPKolSB+U7BlZyO1ng7MkLnyEAItsBzCG0SDhqrA=="
    },
    "node_modules/@types/qs": {
      "version": "6.9.16",
      "resolved": "https://registry.npmjs.org/@types/qs/-/qs-6.9.16.tgz",
      "integrity": "sha512-7i+zxXdPD0T4cKDuxCUXJ4wHcsJLwENa6Z3dCu8cfCK743OGy5Nu1RmAGqDPsoTDINVEcdXKRvR/zre+P2Ku1A=="
    },
    "node_modules/abbrev": {
      "version": "1.1.1",
      "resolved": "https://registry.npmjs.org/abbrev/-/abbrev-1.1.1.tgz",
      "integrity": "sha512-nne9/IiQ/hzIhY6pdDnbBtz7DjPTKrY00P/zvPSm5pOFkl6xuGrGnXn/VtTNNfNtAfZ9/1RtehkszU9qcTii0Q=="
    },
    "node_modules/algoliasearch": {
      "version": "5.5.2",
      "resolved": "https://registry.npmjs.org/algoliasearch/-/algoliasearch-5.5.2.tgz",
      "integrity": "sha512-slQb7RfWJZPOE44EKhgiclTrwI856x7J4c2PfeKcUv9j3b2bnB5L/Y58Z1ITqq+icL0Mea986ImP+qi5+WMSXA==",
      "peer": true,
      "dependencies": {
        "@algolia/client-abtesting": "5.5.2",
        "@algolia/client-analytics": "5.5.2",
        "@algolia/client-common": "5.5.2",
        "@algolia/client-personalization": "5.5.2",
        "@algolia/client-search": "5.5.2",
        "@algolia/recommend": "5.5.2",
        "@algolia/requester-browser-xhr": "5.5.2",
        "@algolia/requester-fetch": "5.5.2",
        "@algolia/requester-node-http": "5.5.2"
      },
      "engines": {
        "node": ">= 14.0.0"
      }
    },
    "node_modules/algoliasearch-helper": {
      "version": "3.22.5",
      "resolved": "https://registry.npmjs.org/algoliasearch-helper/-/algoliasearch-helper-3.22.5.tgz",
      "integrity": "sha512-lWvhdnc+aKOKx8jyA3bsdEgHzm/sglC4cYdMG4xSQyRiPLJVJtH/IVYZG3Hp6PkTEhQqhyVYkeP9z2IlcHJsWw==",
      "dependencies": {
        "@algolia/events": "^4.0.1"
      },
      "peerDependencies": {
        "algoliasearch": ">= 3.1 < 6"
      }
    },
    "node_modules/deepmerge": {
      "version": "4.3.1",
      "resolved": "https://registry.npmjs.org/deepmerge/-/deepmerge-4.3.1.tgz",
      "integrity": "sha512-3sUqbMEc77XqpdNO7FRyRog+eW3ph+GYCbj+rK+uYyRMuwsVy0rMiVtPn+QJlKFvWP/1PYpapqYn0Me2knFn+A==",
      "engines": {
        "node": ">=0.10.0"
      }
    },
    "node_modules/esbuild": {
      "version": "0.18.20",
      "resolved": "https://registry.npmjs.org/esbuild/-/esbuild-0.18.20.tgz",
      "integrity": "sha512-ceqxoedUrcayh7Y7ZX6NdbbDzGROiyVBgC4PriJThBKSVPWnnFHZAkfI1lJT8QFkOwH4qOS2SJkS4wvpGl8BpA==",
      "dev": true,
      "hasInstallScript": true,
      "bin": {
        "esbuild": "bin/esbuild"
      },
      "engines": {
        "node": ">=12"
      },
      "optionalDependencies": {
        "@esbuild/android-arm": "0.18.20",
        "@esbuild/android-arm64": "0.18.20",
        "@esbuild/android-x64": "0.18.20",
        "@esbuild/darwin-arm64": "0.18.20",
        "@esbuild/darwin-x64": "0.18.20",
        "@esbuild/freebsd-arm64": "0.18.20",
        "@esbuild/freebsd-x64": "0.18.20",
        "@esbuild/linux-arm": "0.18.20",
        "@esbuild/linux-arm64": "0.18.20",
        "@esbuild/linux-ia32": "0.18.20",
        "@esbuild/linux-loong64": "0.18.20",
        "@esbuild/linux-mips64el": "0.18.20",
        "@esbuild/linux-ppc64": "0.18.20",
        "@esbuild/linux-riscv64": "0.18.20",
        "@esbuild/linux-s390x": "0.18.20",
        "@esbuild/linux-x64": "0.18.20",
        "@esbuild/netbsd-x64": "0.18.20",
        "@esbuild/openbsd-x64": "0.18.20",
        "@esbuild/sunos-x64": "0.18.20",
        "@esbuild/win32-arm64": "0.18.20",
        "@esbuild/win32-ia32": "0.18.20",
        "@esbuild/win32-x64": "0.18.20"
      }
    },
    "node_modules/fsevents": {
      "version": "2.3.3",
      "resolved": "https://registry.npmjs.org/fsevents/-/fsevents-2.3.3.tgz",
      "integrity": "sha512-5xoDfX+fL7faATnagmWPpbFtwh/R77WmMMqqHGS65C3vvB0YHrgF+B1YmZ3441tMj5n63k0212XNoJwzlhffQw==",
      "dev": true,
      "hasInstallScript": true,
      "optional": true,
      "os": [
        "darwin"
      ],
      "engines": {
        "node": "^8.16.0 || ^10.6.0 || >=11.0.0"
      }
    },
    "node_modules/hogan.js": {
      "version": "3.0.2",
      "resolved": "https://registry.npmjs.org/hogan.js/-/hogan.js-3.0.2.tgz",
      "integrity": "sha512-RqGs4wavGYJWE07t35JQccByczmNUXQT0E12ZYV1VKYu5UiAU9lsos/yBAcf840+zrUQQxgVduCR5/B8nNtibg==",
      "dependencies": {
        "mkdirp": "0.3.0",
        "nopt": "1.0.10"
      },
      "bin": {
        "hulk": "bin/hulk"
      }
    },
    "node_modules/htm": {
      "version": "3.1.1",
      "resolved": "https://registry.npmjs.org/htm/-/htm-3.1.1.tgz",
      "integrity": "sha512-983Vyg8NwUE7JkZ6NmOqpCZ+sh1bKv2iYTlUkzlWmA5JD2acKoxd4KVxbMmxX/85mtfdnDmTFoNKcg5DGAvxNQ=="
    },
    "node_modules/instantsearch-ui-components": {
      "version": "0.9.0",
      "resolved": "https://registry.npmjs.org/instantsearch-ui-components/-/instantsearch-ui-components-0.9.0.tgz",
      "integrity": "sha512-ugQ+XdPx3i3Sxu+woRo6tPE0Fz/kWd4KblTUfZD1TZZBsm/8qFvcbg5dVBDvXX9v7ntoyugXCzC/XCZMzrSkig==",
      "dependencies": {
        "@babel/runtime": "^7.1.2"
      }
    },
    "node_modules/instantsearch.js": {
      "version": "4.74.1",
      "resolved": "https://registry.npmjs.org/instantsearch.js/-/instantsearch.js-4.74.1.tgz",
      "integrity": "sha512-PUHvuwzkA6SA52SFCYw5ubVU4ydw+/JGsDnlYXQSRKWXfpy4R99f3R4NmVR/69v0yIprIE8sq03dWeILjaAZ7Q==",
      "dependencies": {
        "@algolia/events": "^4.0.1",
        "@types/dom-speech-recognition": "^0.0.1",
        "@types/google.maps": "^3.55.12",
        "@types/hogan.js": "^3.0.0",
        "@types/qs": "^6.5.3",
        "algoliasearch-helper": "3.22.5",
        "hogan.js": "^3.0.2",
        "htm": "^3.0.0",
        "instantsearch-ui-components": "0.9.0",
        "preact": "^10.10.0",
        "qs": "^6.5.1 < 6.10",
        "search-insights": "^2.15.0"
      },
      "peerDependencies": {
        "algoliasearch": ">= 3.1 < 6"
      }
    },
    "node_modules/lodash.debounce": {
      "version": "4.0.8",
      "resolved": "https://registry.npmjs.org/lodash.debounce/-/lodash.debounce-4.0.8.tgz",
      "integrity": "sha512-FT1yDzDYEoYWhnSGnpE/4Kj1fLZkDFyqRb7fNt6FdYOSxlUWAtp42Eh6Wb0rGIv/m9Bgo7x4GhQbm5Ys4SG5ow=="
    },
    "node_modules/mkdirp": {
      "version": "0.3.0",
      "resolved": "https://registry.npmjs.org/mkdirp/-/mkdirp-0.3.0.tgz",
      "integrity": "sha512-OHsdUcVAQ6pOtg5JYWpCBo9W/GySVuwvP9hueRMW7UqshC0tbfzLv8wjySTPm3tfUZ/21CE9E1pJagOA91Pxew==",
      "deprecated": "Legacy versions of mkdirp are no longer supported. Please update to mkdirp 1.x. (Note that the API surface has changed to use Promises in 1.x.)",
      "engines": {
        "node": "*"
      }
    },
    "node_modules/nanoid": {
      "version": "3.3.7",
      "resolved": "https://registry.npmjs.org/nanoid/-/nanoid-3.3.7.tgz",
      "integrity": "sha512-eSRppjcPIatRIMC1U6UngP8XFcz8MQWGQdt1MTBQ7NaAmvXDfvNxbvWV3x2y6CdEUciCSsDHDQZbhYaB8QEo2g==",
      "dev": true,
      "funding": [
        {
          "type": "github",
          "url": "https://github.com/sponsors/ai"
        }
      ],
      "bin": {
        "nanoid": "bin/nanoid.cjs"
      },
      "engines": {
        "node": "^10 || ^12 || ^13.7 || ^14 || >=15.0.1"
      }
    },
    "node_modules/nopt": {
      "version": "1.0.10",
      "resolved": "https://registry.npmjs.org/nopt/-/nopt-1.0.10.tgz",
      "integrity": "sha512-NWmpvLSqUrgrAC9HCuxEvb+PSloHpqVu+FqcO4eeF2h5qYRhA7ev6KvelyQAKtegUbC6RypJnlEOhd8vloNKYg==",
      "dependencies": {
        "abbrev": "1"
      },
      "bin": {
        "nopt": "bin/nopt.js"
      },
      "engines": {
        "node": "*"
      }
    },
    "node_modules/picocolors": {
      "version": "1.1.0",
      "resolved": "https://registry.npmjs.org/picocolors/-/picocolors-1.1.0.tgz",
      "integrity": "sha512-TQ92mBOW0l3LeMeyLV6mzy/kWr8lkd/hp3mTg7wYK7zJhuBStmGMBG0BdeDZS/dZx1IukaX6Bk11zcln25o1Aw==",
      "dev": true
    },
    "node_modules/postcss": {
      "version": "8.4.47",
      "resolved": "https://registry.npmjs.org/postcss/-/postcss-8.4.47.tgz",
      "integrity": "sha512-56rxCq7G/XfB4EkXq9Egn5GCqugWvDFjafDOThIdMBsI15iqPqR5r15TfSr1YPYeEI19YeaXMCbY6u88Y76GLQ==",
      "dev": true,
      "funding": [
        {
          "type": "opencollective",
          "url": "https://opencollective.com/postcss/"
        },
        {
          "type": "tidelift",
          "url": "https://tidelift.com/funding/github/npm/postcss"
        },
        {
          "type": "github",
          "url": "https://github.com/sponsors/ai"
        }
      ],
      "dependencies": {
        "nanoid": "^3.3.7",
        "picocolors": "^1.1.0",
        "source-map-js": "^1.2.1"
      },
      "engines": {
        "node": "^10 || ^12 || >=14"
      }
    },
    "node_modules/preact": {
      "version": "10.24.0",
      "resolved": "https://registry.npmjs.org/preact/-/preact-10.24.0.tgz",
      "integrity": "sha512-aK8Cf+jkfyuZ0ZZRG9FbYqwmEiGQ4y/PUO4SuTWoyWL244nZZh7bd5h2APd4rSNDYTBNghg1L+5iJN3Skxtbsw==",
      "funding": {
        "type": "opencollective",
        "url": "https://opencollective.com/preact"
      }
    },
    "node_modules/qs": {
      "version": "6.9.7",
      "resolved": "https://registry.npmjs.org/qs/-/qs-6.9.7.tgz",
      "integrity": "sha512-IhMFgUmuNpyRfxA90umL7ByLlgRXu6tIfKPpF5TmcfRLlLCckfP/g3IQmju6jjpu+Hh8rA+2p6A27ZSPOOHdKw==",
      "engines": {
        "node": ">=0.6"
      },
      "funding": {
        "url": "https://github.com/sponsors/ljharb"
      }
    },
    "node_modules/regenerator-runtime": {
      "version": "0.14.1",
      "resolved": "https://registry.npmjs.org/regenerator-runtime/-/regenerator-runtime-0.14.1.tgz",
      "integrity": "sha512-dYnhHh0nJoMfnkZs6GmmhFknAGRrLznOu5nc9ML+EJxGvrx6H7teuevqVqCuPcPK//3eDrrjQhehXVx9cnkGdw=="
    },
    "node_modules/rollup": {
      "version": "3.29.4",
      "resolved": "https://registry.npmjs.org/rollup/-/rollup-3.29.4.tgz",
      "integrity": "sha512-oWzmBZwvYrU0iJHtDmhsm662rC15FRXmcjCk1xD771dFDx5jJ02ufAQQTn0etB2emNk4J9EZg/yWKpsn9BWGRw==",
      "dev": true,
      "bin": {
        "rollup": "dist/bin/rollup"
      },
      "engines": {
        "node": ">=14.18.0",
        "npm": ">=8.0.0"
      },
      "optionalDependencies": {
        "fsevents": "~2.3.2"
      }
    },
    "node_modules/search-insights": {
      "version": "2.17.2",
      "resolved": "https://registry.npmjs.org/search-insights/-/search-insights-2.17.2.tgz",
      "integrity": "sha512-zFNpOpUO+tY2D85KrxJ+aqwnIfdEGi06UH2+xEb+Bp9Mwznmauqc9djbnBibJO5mpfUPPa8st6Sx65+vbeO45g=="
    },
    "node_modules/searchkit": {
      "version": "4.13.0",
      "resolved": "https://registry.npmjs.org/searchkit/-/searchkit-4.13.0.tgz",
      "integrity": "sha512-hzCk5+E8pjmQm8kSx82lPZSEoYnm2XDevcPJcXKyYKqGw+5HzpAIscED1U9tJRdZ5hwMh21q0LGAqaEyyv6uIw==",
      "dependencies": {
        "deepmerge": "^4.2.2"
      }
    },
    "node_modules/source-map-js": {
      "version": "1.2.1",
      "resolved": "https://registry.npmjs.org/source-map-js/-/source-map-js-1.2.1.tgz",
      "integrity": "sha512-UXWMKhLOwVKb728IUtQPXxfYU+usdybtUrK/8uGE8CQMvrhOpwvzDBwj0QhSL7MQc7vIsISBG8VQ8+IDQxpfQA==",
      "dev": true,
      "engines": {
        "node": ">=0.10.0"
      }
    },
    "node_modules/typescript": {
      "version": "4.9.5",
      "resolved": "https://registry.npmjs.org/typescript/-/typescript-4.9.5.tgz",
      "integrity": "sha512-1FXk9E2Hm+QzZQ7z+McJiHL4NW1F2EzMu9Nq9i3zAaGqibafqYwCVU6WyWAuyQRRzOlxou8xZSyXLEN8oKj24g==",
      "dev": true,
      "bin": {
        "tsc": "bin/tsc",
        "tsserver": "bin/tsserver"
      },
      "engines": {
        "node": ">=4.2.0"
      }
    },
    "node_modules/vite": {
      "version": "4.5.5",
      "resolved": "https://registry.npmjs.org/vite/-/vite-4.5.5.tgz",
      "integrity": "sha512-ifW3Lb2sMdX+WU91s3R0FyQlAyLxOzCSCP37ujw0+r5POeHPwe6udWVIElKQq8gk3t7b8rkmvqC6IHBpCff4GQ==",
      "dev": true,
      "dependencies": {
        "esbuild": "^0.18.10",
        "postcss": "^8.4.27",
        "rollup": "^3.27.1"
      },
      "bin": {
        "vite": "bin/vite.js"
      },
      "engines": {
        "node": "^14.18.0 || >=16.0.0"
      },
      "funding": {
        "url": "https://github.com/vitejs/vite?sponsor=1"
      },
      "optionalDependencies": {
        "fsevents": "~2.3.2"
      },
      "peerDependencies": {
        "@types/node": ">= 14",
        "less": "*",
        "lightningcss": "^1.21.0",
        "sass": "*",
        "stylus": "*",
        "sugarss": "*",
        "terser": "^5.4.0"
      },
      "peerDependenciesMeta": {
        "@types/node": {
          "optional": true
        },
        "less": {
          "optional": true
        },
        "lightningcss": {
          "optional": true
        },
        "sass": {
          "optional": true
        },
        "stylus": {
          "optional": true
        },
        "sugarss": {
          "optional": true
        },
        "terser": {
          "optional": true
        }
      }
    }
  }
}
